
Microsoft Visual Studio Solution File, Format Version 12.00
# Visual Studio 15
VisualStudioVersion = 15.0.27703.2026
MinimumVisualStudioVersion = 10.0.40219.1
Project("{2150E333-8FDC-42A3-9474-1A3956D46DE8}") = "src", "src", "{3342B6C5-59BB-4176-A5D0-74AE1AC5BCF1}"
EndProject
Project("{9A19103F-16F7-4668-BE54-9A1E7A4F7556}") = "MangaRank.Crawler", "src\MangaRank.Crawler\MangaRank.Crawler.csproj", "{03B8006A-F06C-4B63-8DCD-5F775DA6343B}"
EndProject
Global
	GlobalSection(SolutionConfigurationPlatforms) = preSolution
		Debug|Any CPU = Debug|Any CPU
		Release|Any CPU = Release|Any CPU
	EndGlobalSection
	GlobalSection(ProjectConfigurationPlatforms) = postSolution
		{03B8006A-F06C-4B63-8DCD-5F775DA6343B}.Debug|Any CPU.ActiveCfg = Debug|Any CPU
		{03B8006A-F06C-4B63-8DCD-5F775DA6343B}.Debug|Any CPU.Build.0 = Debug|Any CPU
		{03B8006A-F06C-4B63-8DCD-5F775DA6343B}.Release|Any CPU.ActiveCfg = Release|Any CPU
		{03B8006A-F06C-4B63-8DCD-5F775DA6343B}.Release|Any CPU.Build.0 = Release|Any CPU
	EndGlobalSection
	GlobalSection(SolutionProperties) = preSolution
		HideSolutionNode = FALSE
	EndGlobalSection
	GlobalSection(NestedProjects) = preSolution
		{03B8006A-F06C-4B63-8DCD-5F775DA6343B} = {3342B6C5-59BB-4176-A5D0-74AE1AC5BCF1}
	EndGlobalSection
	GlobalSection(ExtensibilityGlobals) = postSolution
		SolutionGuid = {8E3920F0-47A5-44B9-9D6B-64BF59863BC4}
	EndGlobalSection
EndGlobal
